// !$*UTF8*$!
{
	archiveVersion = 1;
	classes = {
	};
	objectVersion = 56;
	objects = {

/* Begin PBXBuildFile section */
		3D9636B12A37DF57005BF976 /* Movies.swift in Sources */ = {isa = PBXBuildFile; fileRef = 3D9636B02A37DF57005BF976 /* Movies.swift */; };
		3D9636B42A37E062005BF976 /* NetworkService.swift in Sources */ = {isa = PBXBuildFile; fileRef = 3D9636B32A37E062005BF976 /* NetworkService.swift */; };
		3D9636B62A37E678005BF976 /* ErrorMessage.swift in Sources */ = {isa = PBXBuildFile; fileRef = 3D9636B52A37E678005BF976 /* ErrorMessage.swift */; };
		3D9636BA2A37E912005BF976 /* ViewModel.swift in Sources */ = {isa = PBXBuildFile; fileRef = 3D9636B92A37E912005BF976 /* ViewModel.swift */; };
		3DA8A4682A365A7B00168E2C /* AppDelegate.swift in Sources */ = {isa = PBXBuildFile; fileRef = 3DA8A4672A365A7B00168E2C /* AppDelegate.swift */; };
		3DA8A46A2A365A7B00168E2C /* SceneDelegate.swift in Sources */ = {isa = PBXBuildFile; fileRef = 3DA8A4692A365A7B00168E2C /* SceneDelegate.swift */; };
		3DA8A46C2A365A7B00168E2C /* ViewController.swift in Sources */ = {isa = PBXBuildFile; fileRef = 3DA8A46B2A365A7B00168E2C /* ViewController.swift */; };
		3DA8A4712A365A7D00168E2C /* Assets.xcassets in Resources */ = {isa = PBXBuildFile; fileRef = 3DA8A4702A365A7D00168E2C /* Assets.xcassets */; };
		3DA8A4742A365A7D00168E2C /* LaunchScreen.storyboard in Resources */ = {isa = PBXBuildFile; fileRef = 3DA8A4722A365A7D00168E2C /* LaunchScreen.storyboard */; };
		3DA8A47F2A365A7D00168E2C /* SimpleMoviesAppTests.swift in Sources */ = {isa = PBXBuildFile; fileRef = 3DA8A47E2A365A7D00168E2C /* SimpleMoviesAppTests.swift */; };
		3DA8A4892A365A7E00168E2C /* SimpleMoviesAppUITests.swift in Sources */ = {isa = PBXBuildFile; fileRef = 3DA8A4882A365A7E00168E2C /* SimpleMoviesAppUITests.swift */; };
		3DA8A48B2A365A7E00168E2C /* SimpleMoviesAppUITestsLaunchTests.swift in Sources */ = {isa = PBXBuildFile; fileRef = 3DA8A48A2A365A7E00168E2C /* SimpleMoviesAppUITestsLaunchTests.swift */; };
		3DA8A4982A367B4F00168E2C /* MovieImagesVC.swift in Sources */ = {isa = PBXBuildFile; fileRef = 3DA8A4972A367B4F00168E2C /* MovieImagesVC.swift */; };
/* End PBXBuildFile section */

/* Begin PBXContainerItemProxy section */
		3DA8A47B2A365A7D00168E2C /* PBXContainerItemProxy */ = {
			isa = PBXContainerItemProxy;
			containerPortal = 3DA8A45C2A365A7B00168E2C /* Project object */;
			proxyType = 1;
			remoteGlobalIDString = 3DA8A4632A365A7B00168E2C;
			remoteInfo = SimpleMoviesApp;
		};
		3DA8A4852A365A7E00168E2C /* PBXContainerItemProxy */ = {
			isa = PBXContainerItemProxy;
			containerPortal = 3DA8A45C2A365A7B00168E2C /* Project object */;
			proxyType = 1;
			remoteGlobalIDString = 3DA8A4632A365A7B00168E2C;
			remoteInfo = SimpleMoviesApp;
		};
/* End PBXContainerItemProxy section */

/* Begin PBXFileReference section */
		3D9636B02A37DF57005BF976 /* Movies.swift */ = {isa = PBXFileReference; lastKnownFileType = sourcecode.swift; path = Movies.swift; sourceTree = "<group>"; };
		3D9636B32A37E062005BF976 /* NetworkService.swift */ = {isa = PBXFileReference; lastKnownFileType = sourcecode.swift; path = NetworkService.swift; sourceTree = "<group>"; };
		3D9636B52A37E678005BF976 /* ErrorMessage.swift */ = {isa = PBXFileReference; lastKnownFileType = sourcecode.swift; path = ErrorMessage.swift; sourceTree = "<group>"; };
		3D9636B92A37E912005BF976 /* ViewModel.swift */ = {isa = PBXFileReference; lastKnownFileType = sourcecode.swift; path = ViewModel.swift; sourceTree = "<group>"; };
		3DA8A4642A365A7B00168E2C /* SimpleMoviesApp.app */ = {isa = PBXFileReference; explicitFileType = wrapper.application; includeInIndex = 0; path = SimpleMoviesApp.app; sourceTree = BUILT_PRODUCTS_DIR; };
		3DA8A4672A365A7B00168E2C /* AppDelegate.swift */ = {isa = PBXFileReference; lastKnownFileType = sourcecode.swift; path = AppDelegate.swift; sourceTree = "<group>"; };
		3DA8A4692A365A7B00168E2C /* SceneDelegate.swift */ = {isa = PBXFileReference; lastKnownFileType = sourcecode.swift; path = SceneDelegate.swift; sourceTree = "<group>"; };
		3DA8A46B2A365A7B00168E2C /* ViewController.swift */ = {isa = PBXFileReference; lastKnownFileType = sourcecode.swift; path = ViewController.swift; sourceTree = "<group>"; };
		3DA8A4702A365A7D00168E2C /* Assets.xcassets */ = {isa = PBXFileReference; lastKnownFileType = folder.assetcatalog; path = Assets.xcassets; sourceTree = "<group>"; };
		3DA8A4732A365A7D00168E2C /* Base */ = {isa = PBXFileReference; lastKnownFileType = file.storyboard; name = Base; path = Base.lproj/LaunchScreen.storyboard; sourceTree = "<group>"; };
		3DA8A4752A365A7D00168E2C /* Info.plist */ = {isa = PBXFileReference; lastKnownFileType = text.plist.xml; path = Info.plist; sourceTree = "<group>"; };
		3DA8A47A2A365A7D00168E2C /* SimpleMoviesAppTests.xctest */ = {isa = PBXFileReference; explicitFileType = wrapper.cfbundle; includeInIndex = 0; path = SimpleMoviesAppTests.xctest; sourceTree = BUILT_PRODUCTS_DIR; };
		3DA8A47E2A365A7D00168E2C /* SimpleMoviesAppTests.swift */ = {isa = PBXFileReference; lastKnownFileType = sourcecode.swift; path = SimpleMoviesAppTests.swift; sourceTree = "<group>"; };
		3DA8A4842A365A7E00168E2C /* SimpleMoviesAppUITests.xctest */ = {isa = PBXFileReference; explicitFileType = wrapper.cfbundle; includeInIndex = 0; path = SimpleMoviesAppUITests.xctest; sourceTree = BUILT_PRODUCTS_DIR; };
		3DA8A4882A365A7E00168E2C /* SimpleMoviesAppUITests.swift */ = {isa = PBXFileReference; lastKnownFileType = sourcecode.swift; path = SimpleMoviesAppUITests.swift; sourceTree = "<group>"; };
		3DA8A48A2A365A7E00168E2C /* SimpleMoviesAppUITestsLaunchTests.swift */ = {isa = PBXFileReference; lastKnownFileType = sourcecode.swift; path = SimpleMoviesAppUITestsLaunchTests.swift; sourceTree = "<group>"; };
		3DA8A4972A367B4F00168E2C /* MovieImagesVC.swift */ = {isa = PBXFileReference; lastKnownFileType = sourcecode.swift; path = MovieImagesVC.swift; sourceTree = "<group>"; };
/* End PBXFileReference section */

/* Begin PBXFrameworksBuildPhase section */
		3DA8A4612A365A7B00168E2C /* Frameworks */ = {
			isa = PBXFrameworksBuildPhase;
			buildActionMask = 2147483647;
			files = (
			);
			runOnlyForDeploymentPostprocessing = 0;
		};
		3DA8A4772A365A7D00168E2C /* Frameworks */ = {
			isa = PBXFrameworksBuildPhase;
			buildActionMask = 2147483647;
			files = (
			);
			runOnlyForDeploymentPostprocessing = 0;
		};
		3DA8A4812A365A7E00168E2C /* Frameworks */ = {
			isa = PBXFrameworksBuildPhase;
			buildActionMask = 2147483647;
			files = (
			);
			runOnlyForDeploymentPostprocessing = 0;
		};
/* End PBXFrameworksBuildPhase section */

/* Begin PBXGroup section */
		3D9636AF2A37DF2E005BF976 /* Model */ = {
			isa = PBXGroup;
			children = (
				3D9636B22A37E048005BF976 /* NetworkService */,
				3D9636B02A37DF57005BF976 /* Movies.swift */,
				3D9636B52A37E678005BF976 /* ErrorMessage.swift */,
			);
			path = Model;
			sourceTree = "<group>";
		};
		3D9636B22A37E048005BF976 /* NetworkService */ = {
			isa = PBXGroup;
			children = (
				3D9636B32A37E062005BF976 /* NetworkService.swift */,
			);
			path = NetworkService;
			sourceTree = "<group>";
		};
		3D9636B72A37E8C2005BF976 /* View */ = {
			isa = PBXGroup;
			children = (
				3DA8A4722A365A7D00168E2C /* LaunchScreen.storyboard */,
				3DA8A4972A367B4F00168E2C /* MovieImagesVC.swift */,
				3DA8A46B2A365A7B00168E2C /* ViewController.swift */,
			);
			path = View;
			sourceTree = "<group>";
		};
		3D9636B82A37E8F8005BF976 /* ViewModel */ = {
			isa = PBXGroup;
			children = (
				3D9636B92A37E912005BF976 /* ViewModel.swift */,
			);
			path = ViewModel;
			sourceTree = "<group>";
		};
		3D9636BB2A37E96F005BF976 /* Support */ = {
			isa = PBXGroup;
			children = (
				3DA8A4752A365A7D00168E2C /* Info.plist */,
				3DA8A4702A365A7D00168E2C /* Assets.xcassets */,
				3DA8A4692A365A7B00168E2C /* SceneDelegate.swift */,
				3DA8A4672A365A7B00168E2C /* AppDelegate.swift */,
			);
			path = Support;
			sourceTree = "<group>";
		};
		3DA8A45B2A365A7B00168E2C = {
			isa = PBXGroup;
			children = (
				3DA8A4662A365A7B00168E2C /* SimpleMoviesApp */,
				3DA8A47D2A365A7D00168E2C /* SimpleMoviesAppTests */,
				3DA8A4872A365A7E00168E2C /* SimpleMoviesAppUITests */,
				3DA8A4652A365A7B00168E2C /* Products */,
			);
			sourceTree = "<group>";
		};
		3DA8A4652A365A7B00168E2C /* Products */ = {
			isa = PBXGroup;
			children = (
				3DA8A4642A365A7B00168E2C /* SimpleMoviesApp.app */,
				3DA8A47A2A365A7D00168E2C /* SimpleMoviesAppTests.xctest */,
				3DA8A4842A365A7E00168E2C /* SimpleMoviesAppUITests.xctest */,
			);
			name = Products;
			sourceTree = "<group>";
		};
		3DA8A4662A365A7B00168E2C /* SimpleMoviesApp */ = {
			isa = PBXGroup;
			children = (
				3D9636BB2A37E96F005BF976 /* Support */,
				3D9636B82A37E8F8005BF976 /* ViewModel */,
				3D9636B72A37E8C2005BF976 /* View */,
				3D9636AF2A37DF2E005BF976 /* Model */,
			);
			path = SimpleMoviesApp;
			sourceTree = "<group>";
		};
		3DA8A47D2A365A7D00168E2C /* SimpleMoviesAppTests */ = {
			isa = PBXGroup;
			children = (
				3DA8A47E2A365A7D00168E2C /* SimpleMoviesAppTests.swift */,
			);
			path = SimpleMoviesAppTests;
			sourceTree = "<group>";
		};
		3DA8A4872A365A7E00168E2C /* SimpleMoviesAppUITests */ = {
			isa = PBXGroup;
			children = (
				3DA8A4882A365A7E00168E2C /* SimpleMoviesAppUITests.swift */,
				3DA8A48A2A365A7E00168E2C /* SimpleMoviesAppUITestsLaunchTests.swift */,
			);
			path = SimpleMoviesAppUITests;
			sourceTree = "<group>";
		};
/* End PBXGroup section */

/* Begin PBXNativeTarget section */
		3DA8A4632A365A7B00168E2C /* SimpleMoviesApp */ = {
			isa = PBXNativeTarget;
			buildConfigurationList = 3DA8A48E2A365A7E00168E2C /* Build configuration list for PBXNativeTarget "SimpleMoviesApp" */;
			buildPhases = (
				3DA8A4602A365A7B00168E2C /* Sources */,
				3DA8A4612A365A7B00168E2C /* Frameworks */,
				3DA8A4622A365A7B00168E2C /* Resources */,
			);
			buildRules = (
			);
			dependencies = (
			);
			name = SimpleMoviesApp;
			productName = SimpleMoviesApp;
			productReference = 3DA8A4642A365A7B00168E2C /* SimpleMoviesApp.app */;
			productType = "com.apple.product-type.application";
		};
		3DA8A4792A365A7D00168E2C /* SimpleMoviesAppTests */ = {
			isa = PBXNativeTarget;
			buildConfigurationList = 3DA8A4912A365A7E00168E2C /* Build configuration list for PBXNativeTarget "SimpleMoviesAppTests" */;
			buildPhases = (
				3DA8A4762A365A7D00168E2C /* Sources */,
				3DA8A4772A365A7D00168E2C /* Frameworks */,
				3DA8A4782A365A7D00168E2C /* Resources */,
			);
			buildRules = (
			);
			dependencies = (
				3DA8A47C2A365A7D00168E2C /* PBXTargetDependency */,
			);
			name = SimpleMoviesAppTests;
			productName = SimpleMoviesAppTests;
			productReference = 3DA8A47A2A365A7D00168E2C /* SimpleMoviesAppTests.xctest */;
			productType = "com.apple.product-type.bundle.unit-test";
		};
		3DA8A4832A365A7E00168E2C /* SimpleMoviesAppUITests */ = {
			isa = PBXNativeTarget;
			buildConfigurationList = 3DA8A4942A365A7E00168E2C /* Build configuration list for PBXNativeTarget "SimpleMoviesAppUITests" */;
			buildPhases = (
				3DA8A4802A365A7E00168E2C /* Sources */,
				3DA8A4812A365A7E00168E2C /* Frameworks */,
				3DA8A4822A365A7E00168E2C /* Resources */,
			);
			buildRules = (
			);
			dependencies = (
				3DA8A4862A365A7E00168E2C /* PBXTargetDependency */,
			);
			name = SimpleMoviesAppUITests;
			productName = SimpleMoviesAppUITests;
			productReference = 3DA8A4842A365A7E00168E2C /* SimpleMoviesAppUITests.xctest */;
			productType = "com.apple.product-type.bundle.ui-testing";
		};
/* End PBXNativeTarget section */

/* Begin PBXProject section */
		3DA8A45C2A365A7B00168E2C /* Project object */ = {
			isa = PBXProject;
			attributes = {
				BuildIndependentTargetsInParallel = 1;
				LastSwiftUpdateCheck = 1420;
				LastUpgradeCheck = 1420;
				TargetAttributes = {
					3DA8A4632A365A7B00168E2C = {
						CreatedOnToolsVersion = 14.2;
					};
					3DA8A4792A365A7D00168E2C = {
						CreatedOnToolsVersion = 14.2;
						TestTargetID = 3DA8A4632A365A7B00168E2C;
					};
					3DA8A4832A365A7E00168E2C = {
						CreatedOnToolsVersion = 14.2;
						TestTargetID = 3DA8A4632A365A7B00168E2C;
					};
				};
			};
			buildConfigurationList = 3DA8A45F2A365A7B00168E2C /* Build configuration list for PBXProject "SimpleMoviesApp" */;
			compatibilityVersion = "Xcode 14.0";
			developmentRegion = en;
			hasScannedForEncodings = 0;
			knownRegions = (
				en,
				Base,
			);
			mainGroup = 3DA8A45B2A365A7B00168E2C;
			productRefGroup = 3DA8A4652A365A7B00168E2C /* Products */;
			projectDirPath = "";
			projectRoot = "";
			targets = (
				3DA8A4632A365A7B00168E2C /* SimpleMoviesApp */,
				3DA8A4792A365A7D00168E2C /* SimpleMoviesAppTests */,
				3DA8A4832A365A7E00168E2C /* SimpleMoviesAppUITests */,
			);
		};
/* End PBXProject section */

/* Begin PBXResourcesBuildPhase section */
		3DA8A4622A365A7B00168E2C /* Resources */ = {
			isa = PBXResourcesBuildPhase;
			buildActionMask = 2147483647;
			files = (
				3DA8A4742A365A7D00168E2C /* LaunchScreen.storyboard in Resources */,
				3DA8A4712A365A7D00168E2C /* Assets.xcassets in Resources */,
			);
			runOnlyForDeploymentPostprocessing = 0;
		};
		3DA8A4782A365A7D00168E2C /* Resources */ = {
			isa = PBXResourcesBuildPhase;
			buildActionMask = 2147483647;
			files = (
			);
			runOnlyForDeploymentPostprocessing = 0;
		};
		3DA8A4822A365A7E00168E2C /* Resources */ = {
			isa = PBXResourcesBuildPhase;
			buildActionMask = 2147483647;
			files = (
			);
			runOnlyForDeploymentPostprocessing = 0;
		};
/* End PBXResourcesBuildPhase section */

/* Begin PBXSourcesBuildPhase section */
		3DA8A4602A365A7B00168E2C /* Sources */ = {
			isa = PBXSourcesBuildPhase;
			buildActionMask = 2147483647;
			files = (
				3D9636B12A37DF57005BF976 /* Movies.swift in Sources */,
				3D9636B62A37E678005BF976 /* ErrorMessage.swift in Sources */,
				3DA8A46C2A365A7B00168E2C /* ViewController.swift in Sources */,
				3DA8A4982A367B4F00168E2C /* MovieImagesVC.swift in Sources */,
				3DA8A4682A365A7B00168E2C /* AppDelegate.swift in Sources */,
				3D9636B42A37E062005BF976 /* NetworkService.swift in Sources */,
				3D9636BA2A37E912005BF976 /* ViewModel.swift in Sources */,
				3DA8A46A2A365A7B00168E2C /* SceneDelegate.swift in Sources */,
			);
			runOnlyForDeploymentPostprocessing = 0;
		};
		3DA8A4762A365A7D00168E2C /* Sources */ = {
			isa = PBXSourcesBuildPhase;
			buildActionMask = 2147483647;
			files = (
				3DA8A47F2A365A7D00168E2C /* SimpleMoviesAppTests.swift in Sources */,
			);
			runOnlyForDeploymentPostprocessing = 0;
		};
		3DA8A4802A365A7E00168E2C /* Sources */ = {
			isa = PBXSourcesBuildPhase;
			buildActionMask = 2147483647;
			files = (
				3DA8A4892A365A7E00168E2C /* SimpleMoviesAppUITests.swift in Sources */,
				3DA8A48B2A365A7E00168E2C /* SimpleMoviesAppUITestsLaunchTests.swift in Sources */,
			);
			runOnlyForDeploymentPostprocessing = 0;
		};
/* End PBXSourcesBuildPhase section */

/* Begin PBXTargetDependency section */
		3DA8A47C2A365A7D00168E2C /* PBXTargetDependency */ = {
			isa = PBXTargetDependency;
			target = 3DA8A4632A365A7B00168E2C /* SimpleMoviesApp */;
			targetProxy = 3DA8A47B2A365A7D00168E2C /* PBXContainerItemProxy */;
		};
		3DA8A4862A365A7E00168E2C /* PBXTargetDependency */ = {
			isa = PBXTargetDependency;
			target = 3DA8A4632A365A7B00168E2C /* SimpleMoviesApp */;
			targetProxy = 3DA8A4852A365A7E00168E2C /* PBXContainerItemProxy */;
		};
/* End PBXTargetDependency section */

/* Begin PBXVariantGroup section */
		3DA8A4722A365A7D00168E2C /* LaunchScreen.storyboard */ = {
			isa = PBXVariantGroup;
			children = (
				3DA8A4732A365A7D00168E2C /* Base */,
			);
			name = LaunchScreen.storyboard;
			sourceTree = "<group>";
		};
/* End PBXVariantGroup section */

/* Begin XCBuildConfiguration section */
		3DA8A48C2A365A7E00168E2C /* Debug */ = {
			isa = XCBuildConfiguration;
			buildSettings = {
				ALWAYS_SEARCH_USER_PATHS = NO;
				CLANG_ANALYZER_NONNULL = YES;
				CLANG_ANALYZER_NUMBER_OBJECT_CONVERSION = YES_AGGRESSIVE;
				CLANG_CXX_LANGUAGE_STANDARD = "gnu++20";
				CLANG_ENABLE_MODULES = YES;
				CLANG_ENABLE_OBJC_ARC = YES;
				CLANG_ENABLE_OBJC_WEAK = YES;
				CLANG_WARN_BLOCK_CAPTURE_AUTORELEASING = YES;
				CLANG_WARN_BOOL_CONVERSION = YES;
				CLANG_WARN_COMMA = YES;
				CLANG_WARN_CONSTANT_CONVERSION = YES;
				CLANG_WARN_DEPRECATED_OBJC_IMPLEMENTATIONS = YES;
				CLANG_WARN_DIRECT_OBJC_ISA_USAGE = YES_ERROR;
				CLANG_WARN_DOCUMENTATION_COMMENTS = YES;
				CLANG_WARN_EMPTY_BODY = YES;
				CLANG_WARN_ENUM_CONVERSION = YES;
				CLANG_WARN_INFINITE_RECURSION = YES;
				CLANG_WARN_INT_CONVERSION = YES;
				CLANG_WARN_NON_LITERAL_NULL_CONVERSION = YES;
				CLANG_WARN_OBJC_IMPLICIT_RETAIN_SELF = YES;
				CLANG_WARN_OBJC_LITERAL_CONVERSION = YES;
				CLANG_WARN_OBJC_ROOT_CLASS = YES_ERROR;
				CLANG_WARN_QUOTED_INCLUDE_IN_FRAMEWORK_HEADER = YES;
				CLANG_WARN_RANGE_LOOP_ANALYSIS = YES;
				CLANG_WARN_STRICT_PROTOTYPES = YES;
				CLANG_WARN_SUSPICIOUS_MOVE = YES;
				CLANG_WARN_UNGUARDED_AVAILABILITY = YES_AGGRESSIVE;
				CLANG_WARN_UNREACHABLE_CODE = YES;
				CLANG_WARN__DUPLICATE_METHOD_MATCH = YES;
				COPY_PHASE_STRIP = NO;
				DEBUG_INFORMATION_FORMAT = dwarf;
				ENABLE_STRICT_OBJC_MSGSEND = YES;
				ENABLE_TESTABILITY = YES;
				GCC_C_LANGUAGE_STANDARD = gnu11;
				GCC_DYNAMIC_NO_PIC = NO;
				GCC_NO_COMMON_BLOCKS = YES;
				GCC_OPTIMIZATION_LEVEL = 0;
				GCC_PREPROCESSOR_DEFINITIONS = (
					"DEBUG=1",
					"$(inherited)",
				);
				GCC_WARN_64_TO_32_BIT_CONVERSION = YES;
				GCC_WARN_ABOUT_RETURN_TYPE = YES_ERROR;
				GCC_WARN_UNDECLARED_SELECTOR = YES;
				GCC_WARN_UNINITIALIZED_AUTOS = YES_AGGRESSIVE;
				GCC_WARN_UNUSED_FUNCTION = YES;
				GCC_WARN_UNUSED_VARIABLE = YES;
				IPHONEOS_DEPLOYMENT_TARGET = 16.2;
				MTL_ENABLE_DEBUG_INFO = INCLUDE_SOURCE;
				MTL_FAST_MATH = YES;
				ONLY_ACTIVE_ARCH = YES;
				SDKROOT = iphoneos;
				SWIFT_ACTIVE_COMPILATION_CONDITIONS = DEBUG;
				SWIFT_OPTIMIZATION_LEVEL = "-Onone";
			};
			name = Debug;
		};
		3DA8A48D2A365A7E00168E2C /* Release */ = {
			isa = XCBuildConfiguration;
			buildSettings = {
				ALWAYS_SEARCH_USER_PATHS = NO;
				CLANG_ANALYZER_NONNULL = YES;
				CLANG_ANALYZER_NUMBER_OBJECT_CONVERSION = YES_AGGRESSIVE;
				CLANG_CXX_LANGUAGE_STANDARD = "gnu++20";
				CLANG_ENABLE_MODULES = YES;
				CLANG_ENABLE_OBJC_ARC = YES;
				CLANG_ENABLE_OBJC_WEAK = YES;
				CLANG_WARN_BLOCK_CAPTURE_AUTORELEASING = YES;
				CLANG_WARN_BOOL_CONVERSION = YES;
				CLANG_WARN_COMMA = YES;
				CLANG_WARN_CONSTANT_CONVERSION = YES;
				CLANG_WARN_DEPRECATED_OBJC_IMPLEMENTATIONS = YES;
				CLANG_WARN_DIRECT_OBJC_ISA_USAGE = YES_ERROR;
				CLANG_WARN_DOCUMENTATION_COMMENTS = YES;
				CLANG_WARN_EMPTY_BODY = YES;
				CLANG_WARN_ENUM_CONVERSION = YES;
				CLANG_WARN_INFINITE_RECURSION = YES;
				CLANG_WARN_INT_CONVERSION = YES;
				CLANG_WARN_NON_LITERAL_NULL_CONVERSION = YES;
				CLANG_WARN_OBJC_IMPLICIT_RETAIN_SELF = YES;
				CLANG_WARN_OBJC_LITERAL_CONVERSION = YES;
				CLANG_WARN_OBJC_ROOT_CLASS = YES_ERROR;
				CLANG_WARN_QUOTED_INCLUDE_IN_FRAMEWORK_HEADER = YES;
				CLANG_WARN_RANGE_LOOP_ANALYSIS = YES;
				CLANG_WARN_STRICT_PROTOTYPES = YES;
				CLANG_WARN_SUSPICIOUS_MOVE = YES;
				CLANG_WARN_UNGUARDED_AVAILABILITY = YES_AGGRESSIVE;
				CLANG_WARN_UNREACHABLE_CODE = YES;
				CLANG_WARN__DUPLICATE_METHOD_MATCH = YES;
				COPY_PHASE_STRIP = NO;
				DEBUG_INFORMATION_FORMAT = "dwarf-with-dsym";
				ENABLE_NS_ASSERTIONS = NO;
				ENABLE_STRICT_OBJC_MSGSEND = YES;
				GCC_C_LANGUAGE_STANDARD = gnu11;
				GCC_NO_COMMON_BLOCKS = YES;
				GCC_WARN_64_TO_32_BIT_CONVERSION = YES;
				GCC_WARN_ABOUT_RETURN_TYPE = YES_ERROR;
				GCC_WARN_UNDECLARED_SELECTOR = YES;
				GCC_WARN_UNINITIALIZED_AUTOS = YES_AGGRESSIVE;
				GCC_WARN_UNUSED_FUNCTION = YES;
				GCC_WARN_UNUSED_VARIABLE = YES;
				IPHONEOS_DEPLOYMENT_TARGET = 16.2;
				MTL_ENABLE_DEBUG_INFO = NO;
				MTL_FAST_MATH = YES;
				SDKROOT = iphoneos;
				SWIFT_COMPILATION_MODE = wholemodule;
				SWIFT_OPTIMIZATION_LEVEL = "-O";
				VALIDATE_PRODUCT = YES;
			};
			name = Release;
		};
		3DA8A48F2A365A7E00168E2C /* Debug */ = {
			isa = XCBuildConfiguration;
			buildSettings = {
				ASSETCATALOG_COMPILER_APPICON_NAME = AppIcon;
				ASSETCATALOG_COMPILER_GLOBAL_ACCENT_COLOR_NAME = AccentColor;
				CODE_SIGN_STYLE = Automatic;
				CURRENT_PROJECT_VERSION = 1;
				GENERATE_INFOPLIST_FILE = YES;
				INFOPLIST_FILE = /Users/zeinab/Desktop/Ratingly/Ratingly/SimpleMoviesApp/Support/Info.plist;
				INFOPLIST_KEY_UIApplicationSupportsIndirectInputEvents = YES;
				INFOPLIST_KEY_UILaunchStoryboardName = LaunchScreen;
				INFOPLIST_KEY_UISupportedInterfaceOrientations_iPad = "UIInterfaceOrientationPortrait UIInterfaceOrientationPortraitUpsideDown UIInterfaceOrientationLandscapeLeft UIInterfaceOrientationLandscapeRight";
				INFOPLIST_KEY_UISupportedInterfaceOrientations_iPhone = "UIInterfaceOrientationPortrait UIInterfaceOrientationLandscapeLeft UIInterfaceOrientationLandscapeRight";
				LD_RUNPATH_SEARCH_PATHS = (
					"$(inherited)",
					"@executable_path/Frameworks",
				);
				MARKETING_VERSION = 1.0;
				PRODUCT_BUNDLE_IDENTIFIER = ITI.SimpleMoviesApp;
				PRODUCT_NAME = "$(TARGET_NAME)";
				SWIFT_EMIT_LOC_STRINGS = YES;
				SWIFT_VERSION = 5.0;
				TARGETED_DEVICE_FAMILY = "1,2";
			};
			name = Debug;
		};
		3DA8A4902A365A7E00168E2C /* Release */ = {
			isa = XCBuildConfiguration;
			buildSettings = {
				ASSETCATALOG_COMPILER_APPICON_NAME = AppIcon;
				ASSETCATALOG_COMPILER_GLOBAL_ACCENT_COLOR_NAME = AccentColor;
				CODE_SIGN_STYLE = Automatic;
				CURRENT_PROJECT_VERSION = 1;
				GENERATE_INFOPLIST_FILE = YES;
				INFOPLIST_FILE = /Users/zeinab/Desktop/Ratingly/Ratingly/SimpleMoviesApp/Support/Info.plist;
				INFOPLIST_KEY_UIApplicationSupportsIndirectInputEvents = YES;
				INFOPLIST_KEY_UILaunchStoryboardName = LaunchScreen;
				INFOPLIST_KEY_UISupportedInterfaceOrientations_iPad = "UIInterfaceOrientationPortrait UIInterfaceOrientationPortraitUpsideDown UIInterfaceOrientationLandscapeLeft UIInterfaceOrientationLandscapeRight";
				INFOPLIST_KEY_UISupportedInterfaceOrientations_iPhone = "UIInterfaceOrientationPortrait UIInterfaceOrientationLandscapeLeft UIInterfaceOrientationLandscapeRight";
				LD_RUNPATH_SEARCH_PATHS = (
					"$(inherited)",
					"@executable_path/Frameworks",
				);
				MARKETING_VERSION = 1.0;
				PRODUCT_BUNDLE_IDENTIFIER = ITI.SimpleMoviesApp;
				PRODUCT_NAME = "$(TARGET_NAME)";
				SWIFT_EMIT_LOC_STRINGS = YES;
				SWIFT_VERSION = 5.0;
				TARGETED_DEVICE_FAMILY = "1,2";
			};
			name = Release;
		};
		3DA8A4922A365A7E00168E2C /* Debug */ = {
			isa = XCBuildConfiguration;
			buildSettings = {
				ALWAYS_EMBED_SWIFT_STANDARD_LIBRARIES = YES;
				BUNDLE_LOADER = "$(TEST_HOST)";
				CODE_SIGN_STYLE = Automatic;
				CURRENT_PROJECT_VERSION = 1;
				GENERATE_INFOPLIST_FILE = YES;
				IPHONEOS_DEPLOYMENT_TARGET = 16.2;
				MARKETING_VERSION = 1.0;
				PRODUCT_BUNDLE_IDENTIFIER = ITI.SimpleMoviesAppTests;
				PRODUCT_NAME = "$(TARGET_NAME)";
				SWIFT_EMIT_LOC_STRINGS = NO;
				SWIFT_VERSION = 5.0;
				TARGETED_DEVICE_FAMILY = "1,2";
				TEST_HOST = "$(BUILT_PRODUCTS_DIR)/SimpleMoviesApp.app/$(BUNDLE_EXECUTABLE_FOLDER_PATH)/SimpleMoviesApp";
			};
			name = Debug;
		};
		3DA8A4932A365A7E00168E2C /* Release */ = {
			isa = XCBuildConfiguration;
			buildSettings = {
				ALWAYS_EMBED_SWIFT_STANDARD_LIBRARIES = YES;
				BUNDLE_LOADER = "$(TEST_HOST)";
				CODE_SIGN_STYLE = Automatic;
				CURRENT_PROJECT_VERSION = 1;
				GENERATE_INFOPLIST_FILE = YES;
				IPHONEOS_DEPLOYMENT_TARGET = 16.2;
				MARKETING_VERSION = 1.0;
				PRODUCT_BUNDLE_IDENTIFIER = ITI.SimpleMoviesAppTests;
				PRODUCT_NAME = "$(TARGET_NAME)";
				SWIFT_EMIT_LOC_STRINGS = NO;
				SWIFT_VERSION = 5.0;
				TARGETED_DEVICE_FAMILY = "1,2";
				TEST_HOST = "$(BUILT_PRODUCTS_DIR)/SimpleMoviesApp.app/$(BUNDLE_EXECUTABLE_FOLDER_PATH)/SimpleMoviesApp";
			};
			name = Release;
		};
		3DA8A4952A365A7E00168E2C /* Debug */ = {
			isa = XCBuildConfiguration;
			buildSettings = {
				ALWAYS_EMBED_SWIFT_STANDARD_LIBRARIES = YES;
				CODE_SIGN_STYLE = Automatic;
				CURRENT_PROJECT_VERSION = 1;
				GENERATE_INFOPLIST_FILE = YES;
				MARKETING_VERSION = 1.0;
				PRODUCT_BUNDLE_IDENTIFIER = ITI.SimpleMoviesAppUITests;
				PRODUCT_NAME = "$(TARGET_NAME)";
				SWIFT_EMIT_LOC_STRINGS = NO;
				SWIFT_VERSION = 5.0;
				TARGETED_DEVICE_FAMILY = "1,2";
				TEST_TARGET_NAME = SimpleMoviesApp;
			};
			name = Debug;
		};
		3DA8A4962A365A7E00168E2C /* Release */ = {
			isa = XCBuildConfiguration;
			buildSettings = {
				ALWAYS_EMBED_SWIFT_STANDARD_LIBRARIES = YES;
				CODE_SIGN_STYLE = Automatic;
				CURRENT_PROJECT_VERSION = 1;
				GENERATE_INFOPLIST_FILE = YES;
				MARKETING_VERSION = 1.0;
				PRODUCT_BUNDLE_IDENTIFIER = ITI.SimpleMoviesAppUITests;
				PRODUCT_NAME = "$(TARGET_NAME)";
				SWIFT_EMIT_LOC_STRINGS = NO;
				SWIFT_VERSION = 5.0;
				TARGETED_DEVICE_FAMILY = "1,2";
				TEST_TARGET_NAME = SimpleMoviesApp;
			};
			name = Release;
		};
/* End XCBuildConfiguration section */

/* Begin XCConfigurationList section */
		3DA8A45F2A365A7B00168E2C /* Build configuration list for PBXProject "SimpleMoviesApp" */ = {
			isa = XCConfigurationList;
			buildConfigurations = (
				3DA8A48C2A365A7E00168E2C /* Debug */,
				3DA8A48D2A365A7E00168E2C /* Release */,
			);
			defaultConfigurationIsVisible = 0;
			defaultConfigurationName = Release;
		};
		3DA8A48E2A365A7E00168E2C /* Build configuration list for PBXNativeTarget "SimpleMoviesApp" */ = {
			isa = XCConfigurationList;
			buildConfigurations = (
				3DA8A48F2A365A7E00168E2C /* Debug */,
				3DA8A4902A365A7E00168E2C /* Release */,
			);
			defaultConfigurationIsVisible = 0;
			defaultConfigurationName = Release;
		};
		3DA8A4912A365A7E00168E2C /* Build configuration list for PBXNativeTarget "SimpleMoviesAppTests" */ = {
			isa = XCConfigurationList;
			buildConfigurations = (
				3DA8A4922A365A7E00168E2C /* Debug */,
				3DA8A4932A365A7E00168E2C /* Release */,
			);
			defaultConfigurationIsVisible = 0;
			defaultConfigurationName = Release;
		};
		3DA8A4942A365A7E00168E2C /* Build configuration list for PBXNativeTarget "SimpleMoviesAppUITests" */ = {
			isa = XCConfigurationList;
			buildConfigurations = (
				3DA8A4952A365A7E00168E2C /* Debug */,
				3DA8A4962A365A7E00168E2C /* Release */,
			);
			defaultConfigurationIsVisible = 0;
			defaultConfigurationName = Release;
		};
/* End XCConfigurationList section */
	};
	rootObject = 3DA8A45C2A365A7B00168E2C /* Project object */;
}
